
Microsoft Visual Studio Solution File, Format Version 12.00
# Visual Studio Version 16
VisualStudioVersion = 16.0.30104.148
MinimumVisualStudioVersion = 10.0.40219.1
Project("{A0786B88-2ADB-4C21-ABE8-AA2D79766269}") = "SDSU Fowler Marketing Cloud", "..\..\..\..\..\Users\leadm\Documents\Repos\SDSU Fowler Marketing Cloud\SDSU Fowler Marketing Cloud\SDSU Fowler Marketing Cloud.phpproj", "{53BC3A13-A1A8-4AEE-80B9-09523FF7DDD3}"
EndProject
Global
	GlobalSection(SolutionConfigurationPlatforms) = preSolution
		Debug|Any CPU = Debug|Any CPU
		Release|Any CPU = Release|Any CPU
	EndGlobalSection
	GlobalSection(ProjectConfigurationPlatforms) = postSolution
		{53BC3A13-A1A8-4AEE-80B9-09523FF7DDD3}.Debug|Any CPU.ActiveCfg = Debug|Any CPU
		{53BC3A13-A1A8-4AEE-80B9-09523FF7DDD3}.Release|Any CPU.ActiveCfg = Release|Any CPU
	EndGlobalSection
	GlobalSection(SolutionProperties) = preSolution
		HideSolutionNode = FALSE
	EndGlobalSection
	GlobalSection(ExtensibilityGlobals) = postSolution
		SolutionGuid = {A5833056-8355-4EF0-A810-0D502BEB8534}
	EndGlobalSection
EndGlobal
